<?xml version="1.0" encoding="utf-8"?>
<Project ToolsVersion="4.0" xmlns="http://schemas.microsoft.com/developer/msbuild/2003">
  <ItemGroup>
    <ClInclude Include="Bit.hpp" />
    <ClInclude Include="DES.hpp" />
    <ClInclude Include="Chunk.hpp" />
    <ClInclude Include="TDES.hpp" />
    <ClInclude Include="Timer.hpp" />
    <ClInclude Include="FileUtilities.hpp" />
    <ClInclude Include="MeasureMPI.hpp" />
    <ClInclude Include="MeasureLocal.hpp" />
    <ClInclude Include="MeasureOMP.hpp" />
  </ItemGroup>
  <ItemGroup>
    <ClCompile Include="Main.cpp" />
    <ClCompile Include="DES.cpp" />
    <ClCompile Include="TDES.cpp" />
    <ClCompile Include="FileUtilities.cpp" />
    <ClCompile Include="MeasureMPI.cpp" />
    <ClCompile Include="MeasureLocal.cpp" />
    <ClCompile Include="MeasureOMP.cpp" />
  </ItemGroup>
</Project>